// !$*UTF8*$!
{
	archiveVersion = 1;
	classes = {
	};
	objectVersion = 46;
	objects = {

/* Begin PBXBuildFile section */
		6DD68AE38D22E1C90D4E95C2 /* Pods_ProvoEvents.framework in Frameworks */ = {isa = PBXBuildFile; fileRef = 213CEEDFE570AF207240677E /* Pods_ProvoEvents.framework */; };
		A10A93D01D92F54200D07E8E /* EventVC.swift in Sources */ = {isa = PBXBuildFile; fileRef = A10A93CF1D92F54200D07E8E /* EventVC.swift */; };
		A10A93D21D92F5D200D07E8E /* Event.swift in Sources */ = {isa = PBXBuildFile; fileRef = A10A93D11D92F5D200D07E8E /* Event.swift */; };
		A10A93D41D93011700D07E8E /* EventCell.swift in Sources */ = {isa = PBXBuildFile; fileRef = A10A93D31D93011700D07E8E /* EventCell.swift */; };
		A10D44901D9AE57200966BC0 /* FavoritesVC.swift in Sources */ = {isa = PBXBuildFile; fileRef = A10D448F1D9AE57200966BC0 /* FavoritesVC.swift */; };
		A10D44921D9B799900966BC0 /* MapVC.swift in Sources */ = {isa = PBXBuildFile; fileRef = A10D44911D9B799900966BC0 /* MapVC.swift */; };
		A10D44941D9C0E1E00966BC0 /* LocationSearchTable.swift in Sources */ = {isa = PBXBuildFile; fileRef = A10D44931D9C0E1E00966BC0 /* LocationSearchTable.swift */; };
		A1157C041D8C9A27000ADB0E /* CreateEmailPassVC.swift in Sources */ = {isa = PBXBuildFile; fileRef = A1157C031D8C9A27000ADB0E /* CreateEmailPassVC.swift */; };
		A1157C061D8C9A5B000ADB0E /* CreateUserInfoVC.swift in Sources */ = {isa = PBXBuildFile; fileRef = A1157C051D8C9A5B000ADB0E /* CreateUserInfoVC.swift */; };
		A1239C971D8B3DD800272F67 /* LoginTextField.swift in Sources */ = {isa = PBXBuildFile; fileRef = A1239C961D8B3DD800272F67 /* LoginTextField.swift */; };
		A1239C991D8B427000272F67 /* LoginButton.swift in Sources */ = {isa = PBXBuildFile; fileRef = A1239C981D8B427000272F67 /* LoginButton.swift */; };
		A127C6DE1DACB966004017FD /* CommentsCell.swift in Sources */ = {isa = PBXBuildFile; fileRef = A127C6DD1DACB966004017FD /* CommentsCell.swift */; };
		A127C6E01DAD3CF1004017FD /* User.swift in Sources */ = {isa = PBXBuildFile; fileRef = A127C6DF1DAD3CF1004017FD /* User.swift */; };
		A127C6E21DAD5DA6004017FD /* Comment.swift in Sources */ = {isa = PBXBuildFile; fileRef = A127C6E11DAD5DA6004017FD /* Comment.swift */; };
		A127C6E61DAD8CF7004017FD /* MapSettingsLauncher.swift in Sources */ = {isa = PBXBuildFile; fileRef = A127C6E51DAD8CF7004017FD /* MapSettingsLauncher.swift */; };
		A12B32E01DA556DA00301598 /* GeneralEventVC.swift in Sources */ = {isa = PBXBuildFile; fileRef = A12B32DF1DA556DA00301598 /* GeneralEventVC.swift */; };
		A12FC0B81DAE9AE6000B4005 /* SettingsCell.swift in Sources */ = {isa = PBXBuildFile; fileRef = A12FC0B71DAE9AE6000B4005 /* SettingsCell.swift */; };
		A12FC0BA1DAE9B9B000B4005 /* BaseCell.swift in Sources */ = {isa = PBXBuildFile; fileRef = A12FC0B91DAE9B9B000B4005 /* BaseCell.swift */; };
		A12FF8F81D9EE309006AD044 /* MKPlacemarkExtension.swift in Sources */ = {isa = PBXBuildFile; fileRef = A12FF8F71D9EE309006AD044 /* MKPlacemarkExtension.swift */; };
		A12FF8FA1D9EF92D006AD044 /* UIButtonExtension.swift in Sources */ = {isa = PBXBuildFile; fileRef = A12FF8F91D9EF92D006AD044 /* UIButtonExtension.swift */; };
		A149F6821D8C64EF009AE58C /* AuthService.swift in Sources */ = {isa = PBXBuildFile; fileRef = A149F6811D8C64EF009AE58C /* AuthService.swift */; };
		A152437D1DABF10B00ECC34B /* MapPinCell.swift in Sources */ = {isa = PBXBuildFile; fileRef = A152437C1DABF10B00ECC34B /* MapPinCell.swift */; };
		A15602651DA2F39A004ADCAD /* snapScrollVC.swift in Sources */ = {isa = PBXBuildFile; fileRef = A15602641DA2F39A004ADCAD /* snapScrollVC.swift */; };
		A174D4811DB5B47400030E19 /* yesNoLauncher.swift in Sources */ = {isa = PBXBuildFile; fileRef = A174D4801DB5B47400030E19 /* yesNoLauncher.swift */; };
		A17A934F1DA4349C001987EE /* SettingsVC.swift in Sources */ = {isa = PBXBuildFile; fileRef = A17A934E1DA4349C001987EE /* SettingsVC.swift */; };
		A18089451DBB082F0019D408 /* EventDetailsExtension.swift in Sources */ = {isa = PBXBuildFile; fileRef = A18089441DBB082F0019D408 /* EventDetailsExtension.swift */; };
		A181FD021D943D6800007264 /* EventDetailsVC.swift in Sources */ = {isa = PBXBuildFile; fileRef = A181FD011D943D6800007264 /* EventDetailsVC.swift */; };
		A181FD041D94677F00007264 /* ImgCacheLoader.swift in Sources */ = {isa = PBXBuildFile; fileRef = A181FD031D94677F00007264 /* ImgCacheLoader.swift */; };
		A181FD081D946D4100007264 /* ImageLargeVC.swift in Sources */ = {isa = PBXBuildFile; fileRef = A181FD071D946D4100007264 /* ImageLargeVC.swift */; };
		A18FA3B11DA7353600773614 /* GeoFire.m in Sources */ = {isa = PBXBuildFile; fileRef = A18FA3A81DA7353600773614 /* GeoFire.m */; };
		A18FA3B21DA7353600773614 /* GFBase32Utils.m in Sources */ = {isa = PBXBuildFile; fileRef = A18FA3AA1DA7353600773614 /* GFBase32Utils.m */; };
		A18FA3B31DA7353600773614 /* GFGeoHash.m in Sources */ = {isa = PBXBuildFile; fileRef = A18FA3AC1DA7353600773614 /* GFGeoHash.m */; };
		A18FA3B41DA7353600773614 /* GFGeoHashQuery.m in Sources */ = {isa = PBXBuildFile; fileRef = A18FA3AE1DA7353600773614 /* GFGeoHashQuery.m */; };
		A18FA3B51DA7353600773614 /* GFQuery.m in Sources */ = {isa = PBXBuildFile; fileRef = A18FA3B01DA7353600773614 /* GFQuery.m */; };
		A1AFA4F61DC1882900D182BF /* customCVFlowLayout.swift in Sources */ = {isa = PBXBuildFile; fileRef = A1AFA4F51DC1882900D182BF /* customCVFlowLayout.swift */; };
		A1B117AD1D8A2AA40036A24E /* AppDelegate.swift in Sources */ = {isa = PBXBuildFile; fileRef = A1B117AC1D8A2AA40036A24E /* AppDelegate.swift */; };
		A1B117AF1D8A2AA40036A24E /* LoginVC.swift in Sources */ = {isa = PBXBuildFile; fileRef = A1B117AE1D8A2AA40036A24E /* LoginVC.swift */; };
		A1B117B21D8A2AA40036A24E /* Main.storyboard in Resources */ = {isa = PBXBuildFile; fileRef = A1B117B01D8A2AA40036A24E /* Main.storyboard */; };
		A1B117B41D8A2AA40036A24E /* Assets.xcassets in Resources */ = {isa = PBXBuildFile; fileRef = A1B117B31D8A2AA40036A24E /* Assets.xcassets */; };
		A1B117B71D8A2AA50036A24E /* LaunchScreen.storyboard in Resources */ = {isa = PBXBuildFile; fileRef = A1B117B51D8A2AA50036A24E /* LaunchScreen.storyboard */; };
		A1B117C21D8A2AA50036A24E /* ProvoEventsTests.swift in Sources */ = {isa = PBXBuildFile; fileRef = A1B117C11D8A2AA50036A24E /* ProvoEventsTests.swift */; };
		A1B117CD1D8A2B090036A24E /* GoogleService-Info.plist in Resources */ = {isa = PBXBuildFile; fileRef = A1B117CC1D8A2B090036A24E /* GoogleService-Info.plist */; };
		A1B4A1881DB8092600FC3D43 /* LoadingView.swift in Sources */ = {isa = PBXBuildFile; fileRef = A1B4A1871DB8092600FC3D43 /* LoadingView.swift */; };
		A1B4A18A1DB80D9600FC3D43 /* Constants.swift in Sources */ = {isa = PBXBuildFile; fileRef = A1B4A1891DB80D9600FC3D43 /* Constants.swift */; };
		A1C466B61D91988800A62A70 /* UIImageViewExtension.swift in Sources */ = {isa = PBXBuildFile; fileRef = A1C466B51D91988800A62A70 /* UIImageViewExtension.swift */; };
		A1C466B81D91AB9E00A62A70 /* DateTimeVC.swift in Sources */ = {isa = PBXBuildFile; fileRef = A1C466B71D91AB9E00A62A70 /* DateTimeVC.swift */; };
		A1D19BD11DA3262200F683AF /* GeneralShadowView.swift in Sources */ = {isa = PBXBuildFile; fileRef = A1D19BD01DA3262200F683AF /* GeneralShadowView.swift */; };
		A1D385481D908B3D00365348 /* AddEventVC.swift in Sources */ = {isa = PBXBuildFile; fileRef = A1D385471D908B3C00365348 /* AddEventVC.swift */; };
		A1D3854A1D909A1F00365348 /* TextView.swift in Sources */ = {isa = PBXBuildFile; fileRef = A1D385491D909A1F00365348 /* TextView.swift */; };
		A1EE77E81DA7590400781CDF /* AnnotationMapVC.swift in Sources */ = {isa = PBXBuildFile; fileRef = A1EE77E71DA7590400781CDF /* AnnotationMapVC.swift */; };
		A1EE77EA1DA7623800781CDF /* AnnotationPin.swift in Sources */ = {isa = PBXBuildFile; fileRef = A1EE77E91DA7623800781CDF /* AnnotationPin.swift */; };
		A1EECA4B1D8C72FF0013406A /* DataService.swift in Sources */ = {isa = PBXBuildFile; fileRef = A1EECA4A1D8C72FF0013406A /* DataService.swift */; };
		A1F12B7F1D997A58007A9447 /* CreateEvent.swift in Sources */ = {isa = PBXBuildFile; fileRef = A1F12B7E1D997A58007A9447 /* CreateEvent.swift */; };
		A1F12B811D998F9A007A9447 /* UIViewExtensions.swift in Sources */ = {isa = PBXBuildFile; fileRef = A1F12B801D998F9A007A9447 /* UIViewExtensions.swift */; };
		A1F12B831D99B347007A9447 /* ReminderVC.swift in Sources */ = {isa = PBXBuildFile; fileRef = A1F12B821D99B347007A9447 /* ReminderVC.swift */; };
		A1F56D951DB0A3C0009D7F65 /* ShadowView.swift in Sources */ = {isa = PBXBuildFile; fileRef = A1F56D941DB0A3C0009D7F65 /* ShadowView.swift */; };
		A1F56D971DB0A729009D7F65 /* EventDetailsCommVC.swift in Sources */ = {isa = PBXBuildFile; fileRef = A1F56D961DB0A729009D7F65 /* EventDetailsCommVC.swift */; };
		A1F56D991DB1933C009D7F65 /* CornerRadiusView.swift in Sources */ = {isa = PBXBuildFile; fileRef = A1F56D981DB1933C009D7F65 /* CornerRadiusView.swift */; };
		A1F56D9B1DB1C2C2009D7F65 /* bottomShadowUILabel.swift in Sources */ = {isa = PBXBuildFile; fileRef = A1F56D9A1DB1C2C2009D7F65 /* bottomShadowUILabel.swift */; };
		A1F56D9D1DB2B25A009D7F65 /* segueCommentsShow.swift in Sources */ = {isa = PBXBuildFile; fileRef = A1F56D9C1DB2B25A009D7F65 /* segueCommentsShow.swift */; };
		A1FBADA11D95C70E004EF835 /* MessageUI.framework in Frameworks */ = {isa = PBXBuildFile; fileRef = A1FBADA01D95C70E004EF835 /* MessageUI.framework */; };
		A1FBBD3C1D8DE86700366761 /* LoginImg.swift in Sources */ = {isa = PBXBuildFile; fileRef = A1FBBD3B1D8DE86700366761 /* LoginImg.swift */; };
		A1FBBD3E1D8DE9AC00366761 /* GeneralVC.swift in Sources */ = {isa = PBXBuildFile; fileRef = A1FBBD3D1D8DE9AC00366761 /* GeneralVC.swift */; };
		A1FFB6F71DA6EEE3008A23EA /* PasswordReset.swift in Sources */ = {isa = PBXBuildFile; fileRef = A1FFB6F61DA6EEE3008A23EA /* PasswordReset.swift */; };
		F00DC745C3144A27B523A670 /* Pods_ProvoEventsTests.framework in Frameworks */ = {isa = PBXBuildFile; fileRef = D888B180E351CC3B9136BA51 /* Pods_ProvoEventsTests.framework */; };
/* End PBXBuildFile section */

/* Begin PBXContainerItemProxy section */
		A1B117BE1D8A2AA50036A24E /* PBXContainerItemProxy */ = {
			isa = PBXContainerItemProxy;
			containerPortal = A1B117A11D8A2AA40036A24E /* Project object */;
			proxyType = 1;
			remoteGlobalIDString = A1B117A81D8A2AA40036A24E;
			remoteInfo = ProvoEvents;
		};
/* End PBXContainerItemProxy section */

/* Begin PBXFileReference section */
		15261CE4335352C84F8AB820 /* Pods-ProvoEventsTests.debug.xcconfig */ = {isa = PBXFileReference; includeInIndex = 1; lastKnownFileType = text.xcconfig; name = "Pods-ProvoEventsTests.debug.xcconfig"; path = "Pods/Target Support Files/Pods-ProvoEventsTests/Pods-ProvoEventsTests.debug.xcconfig"; sourceTree = "<group>"; };
		213CEEDFE570AF207240677E /* Pods_ProvoEvents.framework */ = {isa = PBXFileReference; explicitFileType = wrapper.framework; includeInIndex = 0; path = Pods_ProvoEvents.framework; sourceTree = BUILT_PRODUCTS_DIR; };
		27DFAFEF7A7F645CC0C7372B /* Pods-ProvoEventsTests.release.xcconfig */ = {isa = PBXFileReference; includeInIndex = 1; lastKnownFileType = text.xcconfig; name = "Pods-ProvoEventsTests.release.xcconfig"; path = "Pods/Target Support Files/Pods-ProvoEventsTests/Pods-ProvoEventsTests.release.xcconfig"; sourceTree = "<group>"; };
		80F2A0096ED62EADEC04EF20 /* Pods-ProvoEvents.debug.xcconfig */ = {isa = PBXFileReference; includeInIndex = 1; lastKnownFileType = text.xcconfig; name = "Pods-ProvoEvents.debug.xcconfig"; path = "Pods/Target Support Files/Pods-ProvoEvents/Pods-ProvoEvents.debug.xcconfig"; sourceTree = "<group>"; };
		A10A93CF1D92F54200D07E8E /* EventVC.swift */ = {isa = PBXFileReference; fileEncoding = 4; lastKnownFileType = sourcecode.swift; path = EventVC.swift; sourceTree = "<group>"; };
		A10A93D11D92F5D200D07E8E /* Event.swift */ = {isa = PBXFileReference; fileEncoding = 4; lastKnownFileType = sourcecode.swift; path = Event.swift; sourceTree = "<group>"; };
		A10A93D31D93011700D07E8E /* EventCell.swift */ = {isa = PBXFileReference; fileEncoding = 4; lastKnownFileType = sourcecode.swift; path = EventCell.swift; sourceTree = "<group>"; };
		A10D448F1D9AE57200966BC0 /* FavoritesVC.swift */ = {isa = PBXFileReference; fileEncoding = 4; lastKnownFileType = sourcecode.swift; path = FavoritesVC.swift; sourceTree = "<group>"; };
		A10D44911D9B799900966BC0 /* MapVC.swift */ = {isa = PBXFileReference; fileEncoding = 4; lastKnownFileType = sourcecode.swift; path = MapVC.swift; sourceTree = "<group>"; };
		A10D44931D9C0E1E00966BC0 /* LocationSearchTable.swift */ = {isa = PBXFileReference; fileEncoding = 4; lastKnownFileType = sourcecode.swift; path = LocationSearchTable.swift; sourceTree = "<group>"; };
		A1157C031D8C9A27000ADB0E /* CreateEmailPassVC.swift */ = {isa = PBXFileReference; fileEncoding = 4; lastKnownFileType = sourcecode.swift; path = CreateEmailPassVC.swift; sourceTree = "<group>"; };
		A1157C051D8C9A5B000ADB0E /* CreateUserInfoVC.swift */ = {isa = PBXFileReference; fileEncoding = 4; lastKnownFileType = sourcecode.swift; path = CreateUserInfoVC.swift; sourceTree = "<group>"; };
		A1239C961D8B3DD800272F67 /* LoginTextField.swift */ = {isa = PBXFileReference; fileEncoding = 4; lastKnownFileType = sourcecode.swift; path = LoginTextField.swift; sourceTree = "<group>"; };
		A1239C981D8B427000272F67 /* LoginButton.swift */ = {isa = PBXFileReference; fileEncoding = 4; lastKnownFileType = sourcecode.swift; path = LoginButton.swift; sourceTree = "<group>"; };
		A127C6DD1DACB966004017FD /* CommentsCell.swift */ = {isa = PBXFileReference; fileEncoding = 4; lastKnownFileType = sourcecode.swift; path = CommentsCell.swift; sourceTree = "<group>"; };
		A127C6DF1DAD3CF1004017FD /* User.swift */ = {isa = PBXFileReference; fileEncoding = 4; lastKnownFileType = sourcecode.swift; path = User.swift; sourceTree = "<group>"; };
		A127C6E11DAD5DA6004017FD /* Comment.swift */ = {isa = PBXFileReference; fileEncoding = 4; lastKnownFileType = sourcecode.swift; path = Comment.swift; sourceTree = "<group>"; };
		A127C6E51DAD8CF7004017FD /* MapSettingsLauncher.swift */ = {isa = PBXFileReference; fileEncoding = 4; lastKnownFileType = sourcecode.swift; path = MapSettingsLauncher.swift; sourceTree = "<group>"; };
		A12B32DF1DA556DA00301598 /* GeneralEventVC.swift */ = {isa = PBXFileReference; fileEncoding = 4; lastKnownFileType = sourcecode.swift; path = GeneralEventVC.swift; sourceTree = "<group>"; };
		A12FC0B71DAE9AE6000B4005 /* SettingsCell.swift */ = {isa = PBXFileReference; fileEncoding = 4; lastKnownFileType = sourcecode.swift; path = SettingsCell.swift; sourceTree = "<group>"; };
		A12FC0B91DAE9B9B000B4005 /* BaseCell.swift */ = {isa = PBXFileReference; fileEncoding = 4; lastKnownFileType = sourcecode.swift; path = BaseCell.swift; sourceTree = "<group>"; };
		A12FF8F71D9EE309006AD044 /* MKPlacemarkExtension.swift */ = {isa = PBXFileReference; fileEncoding = 4; lastKnownFileType = sourcecode.swift; path = MKPlacemarkExtension.swift; sourceTree = "<group>"; };
		A12FF8F91D9EF92D006AD044 /* UIButtonExtension.swift */ = {isa = PBXFileReference; fileEncoding = 4; lastKnownFileType = sourcecode.swift; path = UIButtonExtension.swift; sourceTree = "<group>"; };
		A149F6811D8C64EF009AE58C /* AuthService.swift */ = {isa = PBXFileReference; fileEncoding = 4; lastKnownFileType = sourcecode.swift; path = AuthService.swift; sourceTree = "<group>"; };
		A152437C1DABF10B00ECC34B /* MapPinCell.swift */ = {isa = PBXFileReference; fileEncoding = 4; lastKnownFileType = sourcecode.swift; path = MapPinCell.swift; sourceTree = "<group>"; };
		A15602641DA2F39A004ADCAD /* snapScrollVC.swift */ = {isa = PBXFileReference; fileEncoding = 4; lastKnownFileType = sourcecode.swift; path = snapScrollVC.swift; sourceTree = "<group>"; };
		A174D4801DB5B47400030E19 /* yesNoLauncher.swift */ = {isa = PBXFileReference; fileEncoding = 4; lastKnownFileType = sourcecode.swift; path = yesNoLauncher.swift; sourceTree = "<group>"; };
		A17A934E1DA4349C001987EE /* SettingsVC.swift */ = {isa = PBXFileReference; fileEncoding = 4; lastKnownFileType = sourcecode.swift; path = SettingsVC.swift; sourceTree = "<group>"; };
		A18089441DBB082F0019D408 /* EventDetailsExtension.swift */ = {isa = PBXFileReference; fileEncoding = 4; lastKnownFileType = sourcecode.swift; path = EventDetailsExtension.swift; sourceTree = "<group>"; };
		A181FD011D943D6800007264 /* EventDetailsVC.swift */ = {isa = PBXFileReference; fileEncoding = 4; lastKnownFileType = sourcecode.swift; path = EventDetailsVC.swift; sourceTree = "<group>"; };
		A181FD031D94677F00007264 /* ImgCacheLoader.swift */ = {isa = PBXFileReference; fileEncoding = 4; lastKnownFileType = sourcecode.swift; path = ImgCacheLoader.swift; sourceTree = "<group>"; };
		A181FD071D946D4100007264 /* ImageLargeVC.swift */ = {isa = PBXFileReference; fileEncoding = 4; lastKnownFileType = sourcecode.swift; path = ImageLargeVC.swift; sourceTree = "<group>"; };
		A18FA3A11DA7353600773614 /* GeoFire.h */ = {isa = PBXFileReference; fileEncoding = 4; lastKnownFileType = sourcecode.c.h; path = GeoFire.h; sourceTree = "<group>"; };
		A18FA3A21DA7353600773614 /* GFCircleQuery.h */ = {isa = PBXFileReference; fileEncoding = 4; lastKnownFileType = sourcecode.c.h; path = GFCircleQuery.h; sourceTree = "<group>"; };
		A18FA3A31DA7353600773614 /* GFQuery.h */ = {isa = PBXFileReference; fileEncoding = 4; lastKnownFileType = sourcecode.c.h; path = GFQuery.h; sourceTree = "<group>"; };
		A18FA3A41DA7353600773614 /* GFRegionQuery.h */ = {isa = PBXFileReference; fileEncoding = 4; lastKnownFileType = sourcecode.c.h; path = GFRegionQuery.h; sourceTree = "<group>"; };
		A18FA3A51DA7353600773614 /* GeoFire-Prefix.pch */ = {isa = PBXFileReference; fileEncoding = 4; lastKnownFileType = sourcecode.c.h; path = "GeoFire-Prefix.pch"; sourceTree = "<group>"; };
		A18FA3A71DA7353600773614 /* GeoFire+Private.h */ = {isa = PBXFileReference; fileEncoding = 4; lastKnownFileType = sourcecode.c.h; path = "GeoFire+Private.h"; sourceTree = "<group>"; };
		A18FA3A81DA7353600773614 /* GeoFire.m */ = {isa = PBXFileReference; fileEncoding = 4; lastKnownFileType = sourcecode.c.objc; path = GeoFire.m; sourceTree = "<group>"; };
		A18FA3A91DA7353600773614 /* GFBase32Utils.h */ = {isa = PBXFileReference; fileEncoding = 4; lastKnownFileType = sourcecode.c.h; path = GFBase32Utils.h; sourceTree = "<group>"; };
		A18FA3AA1DA7353600773614 /* GFBase32Utils.m */ = {isa = PBXFileReference; fileEncoding = 4; lastKnownFileType = sourcecode.c.objc; path = GFBase32Utils.m; sourceTree = "<group>"; };
		A18FA3AB1DA7353600773614 /* GFGeoHash.h */ = {isa = PBXFileReference; fileEncoding = 4; lastKnownFileType = sourcecode.c.h; path = GFGeoHash.h; sourceTree = "<group>"; };
		A18FA3AC1DA7353600773614 /* GFGeoHash.m */ = {isa = PBXFileReference; fileEncoding = 4; lastKnownFileType = sourcecode.c.objc; path = GFGeoHash.m; sourceTree = "<group>"; };
		A18FA3AD1DA7353600773614 /* GFGeoHashQuery.h */ = {isa = PBXFileReference; fileEncoding = 4; lastKnownFileType = sourcecode.c.h; path = GFGeoHashQuery.h; sourceTree = "<group>"; };
		A18FA3AE1DA7353600773614 /* GFGeoHashQuery.m */ = {isa = PBXFileReference; fileEncoding = 4; lastKnownFileType = sourcecode.c.objc; path = GFGeoHashQuery.m; sourceTree = "<group>"; };
		A18FA3AF1DA7353600773614 /* GFQuery+Private.h */ = {isa = PBXFileReference; fileEncoding = 4; lastKnownFileType = sourcecode.c.h; path = "GFQuery+Private.h"; sourceTree = "<group>"; };
		A18FA3B01DA7353600773614 /* GFQuery.m */ = {isa = PBXFileReference; fileEncoding = 4; lastKnownFileType = sourcecode.c.objc; path = GFQuery.m; sourceTree = "<group>"; };
		A18FA3BC1DA7370300773614 /* bridgingHeader.h */ = {isa = PBXFileReference; fileEncoding = 4; lastKnownFileType = sourcecode.c.h; name = bridgingHeader.h; path = ../bridgingHeader.h; sourceTree = "<group>"; };
		A1AFA4F51DC1882900D182BF /* customCVFlowLayout.swift */ = {isa = PBXFileReference; fileEncoding = 4; lastKnownFileType = sourcecode.swift; path = customCVFlowLayout.swift; sourceTree = "<group>"; };
		A1B117A91D8A2AA40036A24E /* ProvoEvents.app */ = {isa = PBXFileReference; explicitFileType = wrapper.application; includeInIndex = 0; path = ProvoEvents.app; sourceTree = BUILT_PRODUCTS_DIR; };
		A1B117AC1D8A2AA40036A24E /* AppDelegate.swift */ = {isa = PBXFileReference; lastKnownFileType = sourcecode.swift; path = AppDelegate.swift; sourceTree = "<group>"; };
		A1B117AE1D8A2AA40036A24E /* LoginVC.swift */ = {isa = PBXFileReference; lastKnownFileType = sourcecode.swift; path = LoginVC.swift; sourceTree = "<group>"; };
		A1B117B11D8A2AA40036A24E /* Base */ = {isa = PBXFileReference; lastKnownFileType = file.storyboard; name = Base; path = Base.lproj/Main.storyboard; sourceTree = "<group>"; };
		A1B117B31D8A2AA40036A24E /* Assets.xcassets */ = {isa = PBXFileReference; lastKnownFileType = folder.assetcatalog; path = Assets.xcassets; sourceTree = "<group>"; };
		A1B117B61D8A2AA50036A24E /* Base */ = {isa = PBXFileReference; lastKnownFileType = file.storyboard; name = Base; path = Base.lproj/LaunchScreen.storyboard; sourceTree = "<group>"; };
		A1B117B81D8A2AA50036A24E /* Info.plist */ = {isa = PBXFileReference; lastKnownFileType = text.plist.xml; path = Info.plist; sourceTree = "<group>"; };
		A1B117BD1D8A2AA50036A24E /* ProvoEventsTests.xctest */ = {isa = PBXFileReference; explicitFileType = wrapper.cfbundle; includeInIndex = 0; path = ProvoEventsTests.xctest; sourceTree = BUILT_PRODUCTS_DIR; };
		A1B117C11D8A2AA50036A24E /* ProvoEventsTests.swift */ = {isa = PBXFileReference; lastKnownFileType = sourcecode.swift; path = ProvoEventsTests.swift; sourceTree = "<group>"; };
		A1B117C31D8A2AA50036A24E /* Info.plist */ = {isa = PBXFileReference; lastKnownFileType = text.plist.xml; path = Info.plist; sourceTree = "<group>"; };
		A1B117CC1D8A2B090036A24E /* GoogleService-Info.plist */ = {isa = PBXFileReference; fileEncoding = 4; lastKnownFileType = text.plist.xml; path = "GoogleService-Info.plist"; sourceTree = "<group>"; };
		A1B4A1871DB8092600FC3D43 /* LoadingView.swift */ = {isa = PBXFileReference; fileEncoding = 4; lastKnownFileType = sourcecode.swift; path = LoadingView.swift; sourceTree = "<group>"; };
		A1B4A1891DB80D9600FC3D43 /* Constants.swift */ = {isa = PBXFileReference; fileEncoding = 4; lastKnownFileType = sourcecode.swift; path = Constants.swift; sourceTree = "<group>"; };
		A1C466B51D91988800A62A70 /* UIImageViewExtension.swift */ = {isa = PBXFileReference; fileEncoding = 4; lastKnownFileType = sourcecode.swift; path = UIImageViewExtension.swift; sourceTree = "<group>"; };
		A1C466B71D91AB9E00A62A70 /* DateTimeVC.swift */ = {isa = PBXFileReference; fileEncoding = 4; lastKnownFileType = sourcecode.swift; path = DateTimeVC.swift; sourceTree = "<group>"; };
		A1D19BD01DA3262200F683AF /* GeneralShadowView.swift */ = {isa = PBXFileReference; fileEncoding = 4; lastKnownFileType = sourcecode.swift; path = GeneralShadowView.swift; sourceTree = "<group>"; };
		A1D385471D908B3C00365348 /* AddEventVC.swift */ = {isa = PBXFileReference; fileEncoding = 4; lastKnownFileType = sourcecode.swift; path = AddEventVC.swift; sourceTree = "<group>"; };
		A1D385491D909A1F00365348 /* TextView.swift */ = {isa = PBXFileReference; fileEncoding = 4; lastKnownFileType = sourcecode.swift; path = TextView.swift; sourceTree = "<group>"; };
		A1EE77E71DA7590400781CDF /* AnnotationMapVC.swift */ = {isa = PBXFileReference; fileEncoding = 4; lastKnownFileType = sourcecode.swift; path = AnnotationMapVC.swift; sourceTree = "<group>"; };
		A1EE77E91DA7623800781CDF /* AnnotationPin.swift */ = {isa = PBXFileReference; fileEncoding = 4; lastKnownFileType = sourcecode.swift; path = AnnotationPin.swift; sourceTree = "<group>"; };
		A1EECA4A1D8C72FF0013406A /* DataService.swift */ = {isa = PBXFileReference; fileEncoding = 4; lastKnownFileType = sourcecode.swift; path = DataService.swift; sourceTree = "<group>"; };
		A1F12B7E1D997A58007A9447 /* CreateEvent.swift */ = {isa = PBXFileReference; fileEncoding = 4; lastKnownFileType = sourcecode.swift; path = CreateEvent.swift; sourceTree = "<group>"; };
		A1F12B801D998F9A007A9447 /* UIViewExtensions.swift */ = {isa = PBXFileReference; fileEncoding = 4; lastKnownFileType = sourcecode.swift; path = UIViewExtensions.swift; sourceTree = "<group>"; };
		A1F12B821D99B347007A9447 /* ReminderVC.swift */ = {isa = PBXFileReference; fileEncoding = 4; lastKnownFileType = sourcecode.swift; path = ReminderVC.swift; sourceTree = "<group>"; };
		A1F56D941DB0A3C0009D7F65 /* ShadowView.swift */ = {isa = PBXFileReference; fileEncoding = 4; lastKnownFileType = sourcecode.swift; path = ShadowView.swift; sourceTree = "<group>"; };
		A1F56D961DB0A729009D7F65 /* EventDetailsCommVC.swift */ = {isa = PBXFileReference; fileEncoding = 4; lastKnownFileType = sourcecode.swift; path = EventDetailsCommVC.swift; sourceTree = "<group>"; };
		A1F56D981DB1933C009D7F65 /* CornerRadiusView.swift */ = {isa = PBXFileReference; fileEncoding = 4; lastKnownFileType = sourcecode.swift; path = CornerRadiusView.swift; sourceTree = "<group>"; };
		A1F56D9A1DB1C2C2009D7F65 /* bottomShadowUILabel.swift */ = {isa = PBXFileReference; fileEncoding = 4; lastKnownFileType = sourcecode.swift; path = bottomShadowUILabel.swift; sourceTree = "<group>"; };
		A1F56D9C1DB2B25A009D7F65 /* segueCommentsShow.swift */ = {isa = PBXFileReference; fileEncoding = 4; lastKnownFileType = sourcecode.swift; path = segueCommentsShow.swift; sourceTree = "<group>"; };
		A1FBADA01D95C70E004EF835 /* MessageUI.framework */ = {isa = PBXFileReference; lastKnownFileType = wrapper.framework; name = MessageUI.framework; path = System/Library/Frameworks/MessageUI.framework; sourceTree = SDKROOT; };
		A1FBBD3B1D8DE86700366761 /* LoginImg.swift */ = {isa = PBXFileReference; fileEncoding = 4; lastKnownFileType = sourcecode.swift; path = LoginImg.swift; sourceTree = "<group>"; };
		A1FBBD3D1D8DE9AC00366761 /* GeneralVC.swift */ = {isa = PBXFileReference; fileEncoding = 4; lastKnownFileType = sourcecode.swift; path = GeneralVC.swift; sourceTree = "<group>"; };
		A1FFB6F61DA6EEE3008A23EA /* PasswordReset.swift */ = {isa = PBXFileReference; fileEncoding = 4; lastKnownFileType = sourcecode.swift; path = PasswordReset.swift; sourceTree = "<group>"; };
		C3AC09ECD68FACB7EF481B7B /* Pods-ProvoEvents.release.xcconfig */ = {isa = PBXFileReference; includeInIndex = 1; lastKnownFileType = text.xcconfig; name = "Pods-ProvoEvents.release.xcconfig"; path = "Pods/Target Support Files/Pods-ProvoEvents/Pods-ProvoEvents.release.xcconfig"; sourceTree = "<group>"; };
		D888B180E351CC3B9136BA51 /* Pods_ProvoEventsTests.framework */ = {isa = PBXFileReference; explicitFileType = wrapper.framework; includeInIndex = 0; path = Pods_ProvoEventsTests.framework; sourceTree = BUILT_PRODUCTS_DIR; };
/* End PBXFileReference section */

/* Begin PBXFrameworksBuildPhase section */
		A1B117A61D8A2AA40036A24E /* Frameworks */ = {
			isa = PBXFrameworksBuildPhase;
			buildActionMask = 2147483647;
			files = (
				A1FBADA11D95C70E004EF835 /* MessageUI.framework in Frameworks */,
				6DD68AE38D22E1C90D4E95C2 /* Pods_ProvoEvents.framework in Frameworks */,
			);
			runOnlyForDeploymentPostprocessing = 0;
		};
		A1B117BA1D8A2AA50036A24E /* Frameworks */ = {
			isa = PBXFrameworksBuildPhase;
			buildActionMask = 2147483647;
			files = (
				F00DC745C3144A27B523A670 /* Pods_ProvoEventsTests.framework in Frameworks */,
			);
			runOnlyForDeploymentPostprocessing = 0;
		};
/* End PBXFrameworksBuildPhase section */

/* Begin PBXGroup section */
		0FE1F2C50122F5AC4B75A325 /* Frameworks */ = {
			isa = PBXGroup;
			children = (
				A1FBADA01D95C70E004EF835 /* MessageUI.framework */,
				213CEEDFE570AF207240677E /* Pods_ProvoEvents.framework */,
				D888B180E351CC3B9136BA51 /* Pods_ProvoEventsTests.framework */,
			);
			name = Frameworks;
			sourceTree = "<group>";
		};
		A1239C931D8B3D9100272F67 /* Model */ = {
			isa = PBXGroup;
			children = (
				A10A93D11D92F5D200D07E8E /* Event.swift */,
				A127C6DF1DAD3CF1004017FD /* User.swift */,
				A127C6E11DAD5DA6004017FD /* Comment.swift */,
			);
			name = Model;
			sourceTree = "<group>";
		};
		A1239C941D8B3D9E00272F67 /* Controller */ = {
			isa = PBXGroup;
			children = (
				A1EBEF611DB019A700650EDF /* Login */,
				A1EBEF621DB019CA00650EDF /* AddEvent */,
				A1EE77E71DA7590400781CDF /* AnnotationMapVC.swift */,
				A1FBBD3D1D8DE9AC00366761 /* GeneralVC.swift */,
				A127C6E51DAD8CF7004017FD /* MapSettingsLauncher.swift */,
				A1C466B71D91AB9E00A62A70 /* DateTimeVC.swift */,
				A181FD011D943D6800007264 /* EventDetailsVC.swift */,
				A18089441DBB082F0019D408 /* EventDetailsExtension.swift */,
				A174D4801DB5B47400030E19 /* yesNoLauncher.swift */,
				A1F56D961DB0A729009D7F65 /* EventDetailsCommVC.swift */,
				A10A93CF1D92F54200D07E8E /* EventVC.swift */,
				A12B32DF1DA556DA00301598 /* GeneralEventVC.swift */,
				A10D448F1D9AE57200966BC0 /* FavoritesVC.swift */,
				A1F12B821D99B347007A9447 /* ReminderVC.swift */,
				A181FD071D946D4100007264 /* ImageLargeVC.swift */,
				A15602641DA2F39A004ADCAD /* snapScrollVC.swift */,
				A17A934E1DA4349C001987EE /* SettingsVC.swift */,
				A1FFB6F61DA6EEE3008A23EA /* PasswordReset.swift */,
				A1B4A1871DB8092600FC3D43 /* LoadingView.swift */,
			);
			name = Controller;
			sourceTree = "<group>";
		};
		A1239C951D8B3DAB00272F67 /* View */ = {
			isa = PBXGroup;
			children = (
				A1239C961D8B3DD800272F67 /* LoginTextField.swift */,
				A1239C981D8B427000272F67 /* LoginButton.swift */,
				A1D385491D909A1F00365348 /* TextView.swift */,
				A1FBBD3B1D8DE86700366761 /* LoginImg.swift */,
				A10A93D31D93011700D07E8E /* EventCell.swift */,
				A1EE77E91DA7623800781CDF /* AnnotationPin.swift */,
				A1D19BD01DA3262200F683AF /* GeneralShadowView.swift */,
				A152437C1DABF10B00ECC34B /* MapPinCell.swift */,
				A127C6DD1DACB966004017FD /* CommentsCell.swift */,
				A12FC0B71DAE9AE6000B4005 /* SettingsCell.swift */,
				A12FC0B91DAE9B9B000B4005 /* BaseCell.swift */,
				A1F56D941DB0A3C0009D7F65 /* ShadowView.swift */,
				A1F56D981DB1933C009D7F65 /* CornerRadiusView.swift */,
				A1F56D9A1DB1C2C2009D7F65 /* bottomShadowUILabel.swift */,
				A1F56D9C1DB2B25A009D7F65 /* segueCommentsShow.swift */,
				A1AFA4F51DC1882900D182BF /* customCVFlowLayout.swift */,
			);
			name = View;
			sourceTree = "<group>";
		};
		A149F6801D8C64AE009AE58C /* Services */ = {
			isa = PBXGroup;
			children = (
				A149F6811D8C64EF009AE58C /* AuthService.swift */,
				A1EECA4A1D8C72FF0013406A /* DataService.swift */,
				A181FD031D94677F00007264 /* ImgCacheLoader.swift */,
				A1F12B7E1D997A58007A9447 /* CreateEvent.swift */,
				A1B4A1891DB80D9600FC3D43 /* Constants.swift */,
			);
			name = Services;
			sourceTree = "<group>";
		};
		A18FA39F1DA7353600773614 /* GeoFire */ = {
			isa = PBXGroup;
			children = (
				A18FA3BC1DA7370300773614 /* bridgingHeader.h */,
				A18FA3A01DA7353600773614 /* API */,
				A18FA3A51DA7353600773614 /* GeoFire-Prefix.pch */,
				A18FA3A61DA7353600773614 /* Implementation */,
			);
			path = GeoFire;
			sourceTree = "<group>";
		};
		A18FA3A01DA7353600773614 /* API */ = {
			isa = PBXGroup;
			children = (
				A18FA3A11DA7353600773614 /* GeoFire.h */,
				A18FA3A21DA7353600773614 /* GFCircleQuery.h */,
				A18FA3A31DA7353600773614 /* GFQuery.h */,
				A18FA3A41DA7353600773614 /* GFRegionQuery.h */,
			);
			path = API;
			sourceTree = "<group>";
		};
		A18FA3A61DA7353600773614 /* Implementation */ = {
			isa = PBXGroup;
			children = (
				A18FA3A71DA7353600773614 /* GeoFire+Private.h */,
				A18FA3A81DA7353600773614 /* GeoFire.m */,
				A18FA3A91DA7353600773614 /* GFBase32Utils.h */,
				A18FA3AA1DA7353600773614 /* GFBase32Utils.m */,
				A18FA3AB1DA7353600773614 /* GFGeoHash.h */,
				A18FA3AC1DA7353600773614 /* GFGeoHash.m */,
				A18FA3AD1DA7353600773614 /* GFGeoHashQuery.h */,
				A18FA3AE1DA7353600773614 /* GFGeoHashQuery.m */,
				A18FA3AF1DA7353600773614 /* GFQuery+Private.h */,
				A18FA3B01DA7353600773614 /* GFQuery.m */,
			);
			path = Implementation;
			sourceTree = "<group>";
		};
		A1B117A01D8A2AA40036A24E = {
			isa = PBXGroup;
			children = (
				A1B117AB1D8A2AA40036A24E /* ProvoEvents */,
				A1B117C01D8A2AA50036A24E /* ProvoEventsTests */,
				A1B117AA1D8A2AA40036A24E /* Products */,
				F119E2AC70AE1F08B6FBF1D5 /* Pods */,
				0FE1F2C50122F5AC4B75A325 /* Frameworks */,
			);
			sourceTree = "<group>";
		};
		A1B117AA1D8A2AA40036A24E /* Products */ = {
			isa = PBXGroup;
			children = (
				A1B117A91D8A2AA40036A24E /* ProvoEvents.app */,
				A1B117BD1D8A2AA50036A24E /* ProvoEventsTests.xctest */,
			);
			name = Products;
			sourceTree = "<group>";
		};
		A1B117AB1D8A2AA40036A24E /* ProvoEvents */ = {
			isa = PBXGroup;
			children = (
				A18FA39F1DA7353600773614 /* GeoFire */,
				A1C466B41D91986B00A62A70 /* Extensions */,
				A149F6801D8C64AE009AE58C /* Services */,
				A1239C931D8B3D9100272F67 /* Model */,
				A1239C951D8B3DAB00272F67 /* View */,
				A1239C941D8B3D9E00272F67 /* Controller */,
				A1B117AC1D8A2AA40036A24E /* AppDelegate.swift */,
				A1B117B01D8A2AA40036A24E /* Main.storyboard */,
				A1B117B31D8A2AA40036A24E /* Assets.xcassets */,
				A1B117B51D8A2AA50036A24E /* LaunchScreen.storyboard */,
				A1B117B81D8A2AA50036A24E /* Info.plist */,
				A1B117CC1D8A2B090036A24E /* GoogleService-Info.plist */,
			);
			path = ProvoEvents;
			sourceTree = "<group>";
		};
		A1B117C01D8A2AA50036A24E /* ProvoEventsTests */ = {
			isa = PBXGroup;
			children = (
				A1B117C11D8A2AA50036A24E /* ProvoEventsTests.swift */,
				A1B117C31D8A2AA50036A24E /* Info.plist */,
			);
			path = ProvoEventsTests;
			sourceTree = "<group>";
		};
		A1C466B41D91986B00A62A70 /* Extensions */ = {
			isa = PBXGroup;
			children = (
				A1C466B51D91988800A62A70 /* UIImageViewExtension.swift */,
				A1F12B801D998F9A007A9447 /* UIViewExtensions.swift */,
				A12FF8F71D9EE309006AD044 /* MKPlacemarkExtension.swift */,
				A12FF8F91D9EF92D006AD044 /* UIButtonExtension.swift */,
			);
			name = Extensions;
			sourceTree = "<group>";
		};
		A1EBEF611DB019A700650EDF /* Login */ = {
			isa = PBXGroup;
			children = (
				A1157C031D8C9A27000ADB0E /* CreateEmailPassVC.swift */,
				A1157C051D8C9A5B000ADB0E /* CreateUserInfoVC.swift */,
				A1B117AE1D8A2AA40036A24E /* LoginVC.swift */,
			);
			name = Login;
			sourceTree = "<group>";
		};
		A1EBEF621DB019CA00650EDF /* AddEvent */ = {
			isa = PBXGroup;
			children = (
				A1D385471D908B3C00365348 /* AddEventVC.swift */,
				A10D44931D9C0E1E00966BC0 /* LocationSearchTable.swift */,
				A10D44911D9B799900966BC0 /* MapVC.swift */,
			);
			name = AddEvent;
			sourceTree = "<group>";
		};
		F119E2AC70AE1F08B6FBF1D5 /* Pods */ = {
			isa = PBXGroup;
			children = (
				80F2A0096ED62EADEC04EF20 /* Pods-ProvoEvents.debug.xcconfig */,
				C3AC09ECD68FACB7EF481B7B /* Pods-ProvoEvents.release.xcconfig */,
				15261CE4335352C84F8AB820 /* Pods-ProvoEventsTests.debug.xcconfig */,
				27DFAFEF7A7F645CC0C7372B /* Pods-ProvoEventsTests.release.xcconfig */,
			);
			name = Pods;
			sourceTree = "<group>";
		};
/* End PBXGroup section */

/* Begin PBXNativeTarget section */
		A1B117A81D8A2AA40036A24E /* ProvoEvents */ = {
			isa = PBXNativeTarget;
			buildConfigurationList = A1B117C61D8A2AA50036A24E /* Build configuration list for PBXNativeTarget "ProvoEvents" */;
			buildPhases = (
				9834DDD0F3E6227005DC5153 /* [CP] Check Pods Manifest.lock */,
				A1B117A51D8A2AA40036A24E /* Sources */,
				A1B117A61D8A2AA40036A24E /* Frameworks */,
				A1B117A71D8A2AA40036A24E /* Resources */,
				11449BCF72E8808BFDAF7A22 /* [CP] Embed Pods Frameworks */,
				FE95D18DC54E38703B3B2FED /* [CP] Copy Pods Resources */,
			);
			buildRules = (
			);
			dependencies = (
			);
			name = ProvoEvents;
			productName = ProvoEvents;
			productReference = A1B117A91D8A2AA40036A24E /* ProvoEvents.app */;
			productType = "com.apple.product-type.application";
		};
		A1B117BC1D8A2AA50036A24E /* ProvoEventsTests */ = {
			isa = PBXNativeTarget;
			buildConfigurationList = A1B117C91D8A2AA50036A24E /* Build configuration list for PBXNativeTarget "ProvoEventsTests" */;
			buildPhases = (
				7C00F45C525BD2C3C524D4C9 /* [CP] Check Pods Manifest.lock */,
				A1B117B91D8A2AA50036A24E /* Sources */,
				A1B117BA1D8A2AA50036A24E /* Frameworks */,
				A1B117BB1D8A2AA50036A24E /* Resources */,
				1A8C5E169A7CDB3F88A99A4C /* [CP] Embed Pods Frameworks */,
				F497EA16C73BD3114E50A9E2 /* [CP] Copy Pods Resources */,
			);
			buildRules = (
			);
			dependencies = (
				A1B117BF1D8A2AA50036A24E /* PBXTargetDependency */,
			);
			name = ProvoEventsTests;
			productName = ProvoEventsTests;
			productReference = A1B117BD1D8A2AA50036A24E /* ProvoEventsTests.xctest */;
			productType = "com.apple.product-type.bundle.unit-test";
		};
/* End PBXNativeTarget section */

/* Begin PBXProject section */
		A1B117A11D8A2AA40036A24E /* Project object */ = {
			isa = PBXProject;
			attributes = {
				LastSwiftUpdateCheck = 0730;
				LastUpgradeCheck = 0730;
				ORGANIZATIONNAME = "Chris Hovey";
				TargetAttributes = {
					A1B117A81D8A2AA40036A24E = {
						CreatedOnToolsVersion = 7.3.1;
					};
					A1B117BC1D8A2AA50036A24E = {
						CreatedOnToolsVersion = 7.3.1;
						TestTargetID = A1B117A81D8A2AA40036A24E;
					};
				};
			};
			buildConfigurationList = A1B117A41D8A2AA40036A24E /* Build configuration list for PBXProject "ProvoEvents" */;
			compatibilityVersion = "Xcode 3.2";
			developmentRegion = English;
			hasScannedForEncodings = 0;
			knownRegions = (
				en,
				Base,
			);
			mainGroup = A1B117A01D8A2AA40036A24E;
			productRefGroup = A1B117AA1D8A2AA40036A24E /* Products */;
			projectDirPath = "";
			projectRoot = "";
			targets = (
				A1B117A81D8A2AA40036A24E /* ProvoEvents */,
				A1B117BC1D8A2AA50036A24E /* ProvoEventsTests */,
			);
		};
/* End PBXProject section */

/* Begin PBXResourcesBuildPhase section */
		A1B117A71D8A2AA40036A24E /* Resources */ = {
			isa = PBXResourcesBuildPhase;
			buildActionMask = 2147483647;
			files = (
				A1B117B71D8A2AA50036A24E /* LaunchScreen.storyboard in Resources */,
				A1B117CD1D8A2B090036A24E /* GoogleService-Info.plist in Resources */,
				A1B117B41D8A2AA40036A24E /* Assets.xcassets in Resources */,
				A1B117B21D8A2AA40036A24E /* Main.storyboard in Resources */,
			);
			runOnlyForDeploymentPostprocessing = 0;
		};
		A1B117BB1D8A2AA50036A24E /* Resources */ = {
			isa = PBXResourcesBuildPhase;
			buildActionMask = 2147483647;
			files = (
			);
			runOnlyForDeploymentPostprocessing = 0;
		};
/* End PBXResourcesBuildPhase section */

/* Begin PBXShellScriptBuildPhase section */
		11449BCF72E8808BFDAF7A22 /* [CP] Embed Pods Frameworks */ = {
			isa = PBXShellScriptBuildPhase;
			buildActionMask = 2147483647;
			files = (
			);
			inputPaths = (
			);
			name = "[CP] Embed Pods Frameworks";
			outputPaths = (
			);
			runOnlyForDeploymentPostprocessing = 0;
			shellPath = /bin/sh;
			shellScript = "\"${SRCROOT}/Pods/Target Support Files/Pods-ProvoEvents/Pods-ProvoEvents-frameworks.sh\"\n";
			showEnvVarsInLog = 0;
		};
		1A8C5E169A7CDB3F88A99A4C /* [CP] Embed Pods Frameworks */ = {
			isa = PBXShellScriptBuildPhase;
			buildActionMask = 2147483647;
			files = (
			);
			inputPaths = (
			);
			name = "[CP] Embed Pods Frameworks";
			outputPaths = (
			);
			runOnlyForDeploymentPostprocessing = 0;
			shellPath = /bin/sh;
			shellScript = "\"${SRCROOT}/Pods/Target Support Files/Pods-ProvoEventsTests/Pods-ProvoEventsTests-frameworks.sh\"\n";
			showEnvVarsInLog = 0;
		};
		7C00F45C525BD2C3C524D4C9 /* [CP] Check Pods Manifest.lock */ = {
			isa = PBXShellScriptBuildPhase;
			buildActionMask = 2147483647;
			files = (
			);
			inputPaths = (
			);
			name = "[CP] Check Pods Manifest.lock";
			outputPaths = (
			);
			runOnlyForDeploymentPostprocessing = 0;
			shellPath = /bin/sh;
			shellScript = "diff \"${PODS_ROOT}/../Podfile.lock\" \"${PODS_ROOT}/Manifest.lock\" > /dev/null\nif [[ $? != 0 ]] ; then\n    cat << EOM\nerror: The sandbox is not in sync with the Podfile.lock. Run 'pod install' or update your CocoaPods installation.\nEOM\n    exit 1\nfi\n";
			showEnvVarsInLog = 0;
		};
		9834DDD0F3E6227005DC5153 /* [CP] Check Pods Manifest.lock */ = {
			isa = PBXShellScriptBuildPhase;
			buildActionMask = 2147483647;
			files = (
			);
			inputPaths = (
			);
			name = "[CP] Check Pods Manifest.lock";
			outputPaths = (
			);
			runOnlyForDeploymentPostprocessing = 0;
			shellPath = /bin/sh;
			shellScript = "diff \"${PODS_ROOT}/../Podfile.lock\" \"${PODS_ROOT}/Manifest.lock\" > /dev/null\nif [[ $? != 0 ]] ; then\n    cat << EOM\nerror: The sandbox is not in sync with the Podfile.lock. Run 'pod install' or update your CocoaPods installation.\nEOM\n    exit 1\nfi\n";
			showEnvVarsInLog = 0;
		};
		F497EA16C73BD3114E50A9E2 /* [CP] Copy Pods Resources */ = {
			isa = PBXShellScriptBuildPhase;
			buildActionMask = 2147483647;
			files = (
			);
			inputPaths = (
			);
			name = "[CP] Copy Pods Resources";
			outputPaths = (
			);
			runOnlyForDeploymentPostprocessing = 0;
			shellPath = /bin/sh;
			shellScript = "\"${SRCROOT}/Pods/Target Support Files/Pods-ProvoEventsTests/Pods-ProvoEventsTests-resources.sh\"\n";
			showEnvVarsInLog = 0;
		};
		FE95D18DC54E38703B3B2FED /* [CP] Copy Pods Resources */ = {
			isa = PBXShellScriptBuildPhase;
			buildActionMask = 2147483647;
			files = (
			);
			inputPaths = (
			);
			name = "[CP] Copy Pods Resources";
			outputPaths = (
			);
			runOnlyForDeploymentPostprocessing = 0;
			shellPath = /bin/sh;
			shellScript = "\"${SRCROOT}/Pods/Target Support Files/Pods-ProvoEvents/Pods-ProvoEvents-resources.sh\"\n";
			showEnvVarsInLog = 0;
		};
/* End PBXShellScriptBuildPhase section */

/* Begin PBXSourcesBuildPhase section */
		A1B117A51D8A2AA40036A24E /* Sources */ = {
			isa = PBXSourcesBuildPhase;
			buildActionMask = 2147483647;
			files = (
				A12FC0B81DAE9AE6000B4005 /* SettingsCell.swift in Sources */,
				A1F12B811D998F9A007A9447 /* UIViewExtensions.swift in Sources */,
				A18FA3B11DA7353600773614 /* GeoFire.m in Sources */,
				A152437D1DABF10B00ECC34B /* MapPinCell.swift in Sources */,
				A1D19BD11DA3262200F683AF /* GeneralShadowView.swift in Sources */,
				A1FBBD3C1D8DE86700366761 /* LoginImg.swift in Sources */,
				A1AFA4F61DC1882900D182BF /* customCVFlowLayout.swift in Sources */,
				A12FC0BA1DAE9B9B000B4005 /* BaseCell.swift in Sources */,
				A1EE77E81DA7590400781CDF /* AnnotationMapVC.swift in Sources */,
				A1239C971D8B3DD800272F67 /* LoginTextField.swift in Sources */,
				A1F12B7F1D997A58007A9447 /* CreateEvent.swift in Sources */,
				A1F12B831D99B347007A9447 /* ReminderVC.swift in Sources */,
				A1157C061D8C9A5B000ADB0E /* CreateUserInfoVC.swift in Sources */,
				A1F56D951DB0A3C0009D7F65 /* ShadowView.swift in Sources */,
				A1239C991D8B427000272F67 /* LoginButton.swift in Sources */,
				A12B32E01DA556DA00301598 /* GeneralEventVC.swift in Sources */,
				A18089451DBB082F0019D408 /* EventDetailsExtension.swift in Sources */,
				A174D4811DB5B47400030E19 /* yesNoLauncher.swift in Sources */,
				A1F56D991DB1933C009D7F65 /* CornerRadiusView.swift in Sources */,
				A18FA3B31DA7353600773614 /* GFGeoHash.m in Sources */,
				A127C6DE1DACB966004017FD /* CommentsCell.swift in Sources */,
				A1F56D9D1DB2B25A009D7F65 /* segueCommentsShow.swift in Sources */,
				A149F6821D8C64EF009AE58C /* AuthService.swift in Sources */,
				A1F56D971DB0A729009D7F65 /* EventDetailsCommVC.swift in Sources */,
				A10D44901D9AE57200966BC0 /* FavoritesVC.swift in Sources */,
				A10A93D41D93011700D07E8E /* EventCell.swift in Sources */,
				A1C466B81D91AB9E00A62A70 /* DateTimeVC.swift in Sources */,
				A1EE77EA1DA7623800781CDF /* AnnotationPin.swift in Sources */,
				A1F56D9B1DB1C2C2009D7F65 /* bottomShadowUILabel.swift in Sources */,
				A1157C041D8C9A27000ADB0E /* CreateEmailPassVC.swift in Sources */,
				A1FFB6F71DA6EEE3008A23EA /* PasswordReset.swift in Sources */,
				A1D385481D908B3D00365348 /* AddEventVC.swift in Sources */,
				A10D44941D9C0E1E00966BC0 /* LocationSearchTable.swift in Sources */,
				A1EECA4B1D8C72FF0013406A /* DataService.swift in Sources */,
				A181FD041D94677F00007264 /* ImgCacheLoader.swift in Sources */,
				A15602651DA2F39A004ADCAD /* snapScrollVC.swift in Sources */,
				A17A934F1DA4349C001987EE /* SettingsVC.swift in Sources */,
				A1B4A1881DB8092600FC3D43 /* LoadingView.swift in Sources */,
				A18FA3B51DA7353600773614 /* GFQuery.m in Sources */,
				A10D44921D9B799900966BC0 /* MapVC.swift in Sources */,
				A181FD021D943D6800007264 /* EventDetailsVC.swift in Sources */,
				A181FD081D946D4100007264 /* ImageLargeVC.swift in Sources */,
				A127C6E21DAD5DA6004017FD /* Comment.swift in Sources */,
				A1FBBD3E1D8DE9AC00366761 /* GeneralVC.swift in Sources */,
				A18FA3B21DA7353600773614 /* GFBase32Utils.m in Sources */,
				A1D3854A1D909A1F00365348 /* TextView.swift in Sources */,
				A10A93D21D92F5D200D07E8E /* Event.swift in Sources */,
				A1B4A18A1DB80D9600FC3D43 /* Constants.swift in Sources */,
				A1B117AF1D8A2AA40036A24E /* LoginVC.swift in Sources */,
				A18FA3B41DA7353600773614 /* GFGeoHashQuery.m in Sources */,
				A10A93D01D92F54200D07E8E /* EventVC.swift in Sources */,
				A12FF8F81D9EE309006AD044 /* MKPlacemarkExtension.swift in Sources */,
				A12FF8FA1D9EF92D006AD044 /* UIButtonExtension.swift in Sources */,
				A1C466B61D91988800A62A70 /* UIImageViewExtension.swift in Sources */,
				A1B117AD1D8A2AA40036A24E /* AppDelegate.swift in Sources */,
				A127C6E61DAD8CF7004017FD /* MapSettingsLauncher.swift in Sources */,
				A127C6E01DAD3CF1004017FD /* User.swift in Sources */,
			);
			runOnlyForDeploymentPostprocessing = 0;
		};
		A1B117B91D8A2AA50036A24E /* Sources */ = {
			isa = PBXSourcesBuildPhase;
			buildActionMask = 2147483647;
			files = (
				A1B117C21D8A2AA50036A24E /* ProvoEventsTests.swift in Sources */,
			);
			runOnlyForDeploymentPostprocessing = 0;
		};
/* End PBXSourcesBuildPhase section */

/* Begin PBXTargetDependency section */
		A1B117BF1D8A2AA50036A24E /* PBXTargetDependency */ = {
			isa = PBXTargetDependency;
			target = A1B117A81D8A2AA40036A24E /* ProvoEvents */;
			targetProxy = A1B117BE1D8A2AA50036A24E /* PBXContainerItemProxy */;
		};
/* End PBXTargetDependency section */

/* Begin PBXVariantGroup section */
		A1B117B01D8A2AA40036A24E /* Main.storyboard */ = {
			isa = PBXVariantGroup;
			children = (
				A1B117B11D8A2AA40036A24E /* Base */,
			);
			name = Main.storyboard;
			sourceTree = "<group>";
		};
		A1B117B51D8A2AA50036A24E /* LaunchScreen.storyboard */ = {
			isa = PBXVariantGroup;
			children = (
				A1B117B61D8A2AA50036A24E /* Base */,
			);
			name = LaunchScreen.storyboard;
			sourceTree = "<group>";
		};
/* End PBXVariantGroup section */

/* Begin XCBuildConfiguration section */
		A1B117C41D8A2AA50036A24E /* Debug */ = {
			isa = XCBuildConfiguration;
			buildSettings = {
				ALWAYS_SEARCH_USER_PATHS = NO;
				CLANG_ANALYZER_NONNULL = YES;
				CLANG_CXX_LANGUAGE_STANDARD = "gnu++0x";
				CLANG_CXX_LIBRARY = "libc++";
				CLANG_ENABLE_MODULES = YES;
				CLANG_ENABLE_OBJC_ARC = YES;
				CLANG_WARN_BOOL_CONVERSION = YES;
				CLANG_WARN_CONSTANT_CONVERSION = YES;
				CLANG_WARN_DIRECT_OBJC_ISA_USAGE = YES_ERROR;
				CLANG_WARN_EMPTY_BODY = YES;
				CLANG_WARN_ENUM_CONVERSION = YES;
				CLANG_WARN_INT_CONVERSION = YES;
				CLANG_WARN_OBJC_ROOT_CLASS = YES_ERROR;
				CLANG_WARN_UNREACHABLE_CODE = YES;
				CLANG_WARN__DUPLICATE_METHOD_MATCH = YES;
				"CODE_SIGN_IDENTITY[sdk=iphoneos*]" = "iPhone Developer";
				COPY_PHASE_STRIP = NO;
				DEBUG_INFORMATION_FORMAT = dwarf;
				ENABLE_STRICT_OBJC_MSGSEND = YES;
				ENABLE_TESTABILITY = YES;
				GCC_C_LANGUAGE_STANDARD = gnu99;
				GCC_DYNAMIC_NO_PIC = NO;
				GCC_NO_COMMON_BLOCKS = YES;
				GCC_OPTIMIZATION_LEVEL = 0;
				GCC_PREPROCESSOR_DEFINITIONS = (
					"DEBUG=1",
					"$(inherited)",
				);
				GCC_WARN_64_TO_32_BIT_CONVERSION = YES;
				GCC_WARN_ABOUT_RETURN_TYPE = YES_ERROR;
				GCC_WARN_UNDECLARED_SELECTOR = YES;
				GCC_WARN_UNINITIALIZED_AUTOS = YES_AGGRESSIVE;
				GCC_WARN_UNUSED_FUNCTION = YES;
				GCC_WARN_UNUSED_VARIABLE = YES;
				IPHONEOS_DEPLOYMENT_TARGET = 9.3;
				MTL_ENABLE_DEBUG_INFO = YES;
				ONLY_ACTIVE_ARCH = YES;
				SDKROOT = iphoneos;
				SWIFT_OPTIMIZATION_LEVEL = "-Onone";
				TARGETED_DEVICE_FAMILY = "1,2";
			};
			name = Debug;
		};
		A1B117C51D8A2AA50036A24E /* Release */ = {
			isa = XCBuildConfiguration;
			buildSettings = {
				ALWAYS_SEARCH_USER_PATHS = NO;
				CLANG_ANALYZER_NONNULL = YES;
				CLANG_CXX_LANGUAGE_STANDARD = "gnu++0x";
				CLANG_CXX_LIBRARY = "libc++";
				CLANG_ENABLE_MODULES = YES;
				CLANG_ENABLE_OBJC_ARC = YES;
				CLANG_WARN_BOOL_CONVERSION = YES;
				CLANG_WARN_CONSTANT_CONVERSION = YES;
				CLANG_WARN_DIRECT_OBJC_ISA_USAGE = YES_ERROR;
				CLANG_WARN_EMPTY_BODY = YES;
				CLANG_WARN_ENUM_CONVERSION = YES;
				CLANG_WARN_INT_CONVERSION = YES;
				CLANG_WARN_OBJC_ROOT_CLASS = YES_ERROR;
				CLANG_WARN_UNREACHABLE_CODE = YES;
				CLANG_WARN__DUPLICATE_METHOD_MATCH = YES;
				"CODE_SIGN_IDENTITY[sdk=iphoneos*]" = "iPhone Developer";
				COPY_PHASE_STRIP = NO;
				DEBUG_INFORMATION_FORMAT = "dwarf-with-dsym";
				ENABLE_NS_ASSERTIONS = NO;
				ENABLE_STRICT_OBJC_MSGSEND = YES;
				GCC_C_LANGUAGE_STANDARD = gnu99;
				GCC_NO_COMMON_BLOCKS = YES;
				GCC_WARN_64_TO_32_BIT_CONVERSION = YES;
				GCC_WARN_ABOUT_RETURN_TYPE = YES_ERROR;
				GCC_WARN_UNDECLARED_SELECTOR = YES;
				GCC_WARN_UNINITIALIZED_AUTOS = YES_AGGRESSIVE;
				GCC_WARN_UNUSED_FUNCTION = YES;
				GCC_WARN_UNUSED_VARIABLE = YES;
				IPHONEOS_DEPLOYMENT_TARGET = 9.3;
				MTL_ENABLE_DEBUG_INFO = NO;
				SDKROOT = iphoneos;
				TARGETED_DEVICE_FAMILY = "1,2";
				VALIDATE_PRODUCT = YES;
			};
			name = Release;
		};
		A1B117C71D8A2AA50036A24E /* Debug */ = {
			isa = XCBuildConfiguration;
			baseConfigurationReference = 80F2A0096ED62EADEC04EF20 /* Pods-ProvoEvents.debug.xcconfig */;
			buildSettings = {
				ASSETCATALOG_COMPILER_APPICON_NAME = AppIcon;
				CLANG_ENABLE_MODULES = YES;
				INFOPLIST_FILE = ProvoEvents/Info.plist;
				LD_RUNPATH_SEARCH_PATHS = "$(inherited) @executable_path/Frameworks";
				PRODUCT_BUNDLE_IDENTIFIER = com.chrishovey.ProvoEvents;
				PRODUCT_NAME = "$(TARGET_NAME)";
				SWIFT_OBJC_BRIDGING_HEADER = ProvoEvents/bridgingHeader.h;
				SWIFT_OPTIMIZATION_LEVEL = "-Onone";
			};
			name = Debug;
		};
		A1B117C81D8A2AA50036A24E /* Release */ = {
			isa = XCBuildConfiguration;
			baseConfigurationReference = C3AC09ECD68FACB7EF481B7B /* Pods-ProvoEvents.release.xcconfig */;
			buildSettings = {
				ASSETCATALOG_COMPILER_APPICON_NAME = AppIcon;
				CLANG_ENABLE_MODULES = YES;
				INFOPLIST_FILE = ProvoEvents/Info.plist;
				LD_RUNPATH_SEARCH_PATHS = "$(inherited) @executable_path/Frameworks";
				PRODUCT_BUNDLE_IDENTIFIER = com.chrishovey.ProvoEvents;
				PRODUCT_NAME = "$(TARGET_NAME)";
				SWIFT_OBJC_BRIDGING_HEADER = ProvoEvents/bridgingHeader.h;
			};
			name = Release;
		};
		A1B117CA1D8A2AA50036A24E /* Debug */ = {
			isa = XCBuildConfiguration;
			baseConfigurationReference = 15261CE4335352C84F8AB820 /* Pods-ProvoEventsTests.debug.xcconfig */;
			buildSettings = {
				BUNDLE_LOADER = "$(TEST_HOST)";
				INFOPLIST_FILE = ProvoEventsTests/Info.plist;
				LD_RUNPATH_SEARCH_PATHS = "$(inherited) @executable_path/Frameworks @loader_path/Frameworks";
				PRODUCT_BUNDLE_IDENTIFIER = com.chrishovey.ProvoEventsTests;
				PRODUCT_NAME = "$(TARGET_NAME)";
				TEST_HOST = "$(BUILT_PRODUCTS_DIR)/ProvoEvents.app/ProvoEvents";
			};
			name = Debug;
		};
		A1B117CB1D8A2AA50036A24E /* Release */ = {
			isa = XCBuildConfiguration;
			baseConfigurationReference = 27DFAFEF7A7F645CC0C7372B /* Pods-ProvoEventsTests.release.xcconfig */;
			buildSettings = {
				BUNDLE_LOADER = "$(TEST_HOST)";
				INFOPLIST_FILE = ProvoEventsTests/Info.plist;
				LD_RUNPATH_SEARCH_PATHS = "$(inherited) @executable_path/Frameworks @loader_path/Frameworks";
				PRODUCT_BUNDLE_IDENTIFIER = com.chrishovey.ProvoEventsTests;
				PRODUCT_NAME = "$(TARGET_NAME)";
				TEST_HOST = "$(BUILT_PRODUCTS_DIR)/ProvoEvents.app/ProvoEvents";
			};
			name = Release;
		};
/* End XCBuildConfiguration section */

/* Begin XCConfigurationList section */
		A1B117A41D8A2AA40036A24E /* Build configuration list for PBXProject "ProvoEvents" */ = {
			isa = XCConfigurationList;
			buildConfigurations = (
				A1B117C41D8A2AA50036A24E /* Debug */,
				A1B117C51D8A2AA50036A24E /* Release */,
			);
			defaultConfigurationIsVisible = 0;
			defaultConfigurationName = Release;
		};
		A1B117C61D8A2AA50036A24E /* Build configuration list for PBXNativeTarget "ProvoEvents" */ = {
			isa = XCConfigurationList;
			buildConfigurations = (
				A1B117C71D8A2AA50036A24E /* Debug */,
				A1B117C81D8A2AA50036A24E /* Release */,
			);
			defaultConfigurationIsVisible = 0;
			defaultConfigurationName = Release;
		};
		A1B117C91D8A2AA50036A24E /* Build configuration list for PBXNativeTarget "ProvoEventsTests" */ = {
			isa = XCConfigurationList;
			buildConfigurations = (
				A1B117CA1D8A2AA50036A24E /* Debug */,
				A1B117CB1D8A2AA50036A24E /* Release */,
			);
			defaultConfigurationIsVisible = 0;
			defaultConfigurationName = Release;
		};
/* End XCConfigurationList section */
	};
	rootObject = A1B117A11D8A2AA40036A24E /* Project object */;
}
